// !$*UTF8*$!
{
	archiveVersion = 1;
	classes = {
	};
	objectVersion = 56;
	objects = {

/* Begin PBXBuildFile section */
		4808A3F62AC40F84005E1190 /* AppDelegate.swift in Sources */ = {isa = PBXBuildFile; fileRef = 4808A3F52AC40F84005E1190 /* AppDelegate.swift */; };
		4808A3F82AC40F84005E1190 /* SceneDelegate.swift in Sources */ = {isa = PBXBuildFile; fileRef = 4808A3F72AC40F84005E1190 /* SceneDelegate.swift */; };
		4808A3FA2AC40F84005E1190 /* ViewController.swift in Sources */ = {isa = PBXBuildFile; fileRef = 4808A3F92AC40F84005E1190 /* ViewController.swift */; };
		4808A3FD2AC40F84005E1190 /* Main.storyboard in Resources */ = {isa = PBXBuildFile; fileRef = 4808A3FB2AC40F84005E1190 /* Main.storyboard */; };
		4808A3FF2AC40F85005E1190 /* Assets.xcassets in Resources */ = {isa = PBXBuildFile; fileRef = 4808A3FE2AC40F85005E1190 /* Assets.xcassets */; };
		4808A4022AC40F85005E1190 /* LaunchScreen.storyboard in Resources */ = {isa = PBXBuildFile; fileRef = 4808A4002AC40F85005E1190 /* LaunchScreen.storyboard */; };
		4808A40D2AC40F85005E1190 /* HelloWorldTests.swift in Sources */ = {isa = PBXBuildFile; fileRef = 4808A40C2AC40F85005E1190 /* HelloWorldTests.swift */; };
		4808A4172AC40F85005E1190 /* HelloWorldUITests.swift in Sources */ = {isa = PBXBuildFile; fileRef = 4808A4162AC40F85005E1190 /* HelloWorldUITests.swift */; };
		4808A4192AC40F85005E1190 /* HelloWorldUITestsLaunchTests.swift in Sources */ = {isa = PBXBuildFile; fileRef = 4808A4182AC40F85005E1190 /* HelloWorldUITestsLaunchTests.swift */; };
		4808A4272AC41162005E1190 /* TabBarController.swift in Sources */ = {isa = PBXBuildFile; fileRef = 4808A4262AC41162005E1190 /* TabBarController.swift */; };
		4808A42C2AC413CD005E1190 /* MyTravelViewController.swift in Sources */ = {isa = PBXBuildFile; fileRef = 4808A42B2AC413CD005E1190 /* MyTravelViewController.swift */; };
		4808A42E2AC41522005E1190 /* BaseViewController.swift in Sources */ = {isa = PBXBuildFile; fileRef = 4808A42D2AC41522005E1190 /* BaseViewController.swift */; };
		4808A4302AC4152C005E1190 /* BaseView.swift in Sources */ = {isa = PBXBuildFile; fileRef = 4808A42F2AC4152C005E1190 /* BaseView.swift */; };
		4808A4392AC43144005E1190 /* SnapKit in Frameworks */ = {isa = PBXBuildFile; productRef = 4808A4382AC43144005E1190 /* SnapKit */; };
		4808A43B2AC52D16005E1190 /* AddNewAgendaViewController.swift in Sources */ = {isa = PBXBuildFile; fileRef = 4808A43A2AC52D15005E1190 /* AddNewAgendaViewController.swift */; };
		4808A43D2AC52F07005E1190 /* Observable.swift in Sources */ = {isa = PBXBuildFile; fileRef = 4808A43C2AC52F07005E1190 /* Observable.swift */; };
		4808A43F2AC52F56005E1190 /* AddNewAgendaViewModel.swift in Sources */ = {isa = PBXBuildFile; fileRef = 4808A43E2AC52F56005E1190 /* AddNewAgendaViewModel.swift */; };
		48ED6F672AC7AE310068C5E4 /* AddNewAgendaView.swift in Sources */ = {isa = PBXBuildFile; fileRef = 48ED6F662AC7AE310068C5E4 /* AddNewAgendaView.swift */; };
/* End PBXBuildFile section */

/* Begin PBXContainerItemProxy section */
		4808A4092AC40F85005E1190 /* PBXContainerItemProxy */ = {
			isa = PBXContainerItemProxy;
			containerPortal = 4808A3EA2AC40F84005E1190 /* Project object */;
			proxyType = 1;
			remoteGlobalIDString = 4808A3F12AC40F84005E1190;
			remoteInfo = HelloWorld;
		};
		4808A4132AC40F85005E1190 /* PBXContainerItemProxy */ = {
			isa = PBXContainerItemProxy;
			containerPortal = 4808A3EA2AC40F84005E1190 /* Project object */;
			proxyType = 1;
			remoteGlobalIDString = 4808A3F12AC40F84005E1190;
			remoteInfo = HelloWorld;
		};
/* End PBXContainerItemProxy section */

/* Begin PBXFileReference section */
		4808A3F22AC40F84005E1190 /* HelloWorld.app */ = {isa = PBXFileReference; explicitFileType = wrapper.application; includeInIndex = 0; path = HelloWorld.app; sourceTree = BUILT_PRODUCTS_DIR; };
		4808A3F52AC40F84005E1190 /* AppDelegate.swift */ = {isa = PBXFileReference; lastKnownFileType = sourcecode.swift; path = AppDelegate.swift; sourceTree = "<group>"; };
		4808A3F72AC40F84005E1190 /* SceneDelegate.swift */ = {isa = PBXFileReference; lastKnownFileType = sourcecode.swift; path = SceneDelegate.swift; sourceTree = "<group>"; };
		4808A3F92AC40F84005E1190 /* ViewController.swift */ = {isa = PBXFileReference; lastKnownFileType = sourcecode.swift; path = ViewController.swift; sourceTree = "<group>"; };
		4808A3FC2AC40F84005E1190 /* Base */ = {isa = PBXFileReference; lastKnownFileType = file.storyboard; name = Base; path = Base.lproj/Main.storyboard; sourceTree = "<group>"; };
		4808A3FE2AC40F85005E1190 /* Assets.xcassets */ = {isa = PBXFileReference; lastKnownFileType = folder.assetcatalog; path = Assets.xcassets; sourceTree = "<group>"; };
		4808A4012AC40F85005E1190 /* Base */ = {isa = PBXFileReference; lastKnownFileType = file.storyboard; name = Base; path = Base.lproj/LaunchScreen.storyboard; sourceTree = "<group>"; };
		4808A4032AC40F85005E1190 /* Info.plist */ = {isa = PBXFileReference; lastKnownFileType = text.plist.xml; path = Info.plist; sourceTree = "<group>"; };
		4808A4082AC40F85005E1190 /* HelloWorldTests.xctest */ = {isa = PBXFileReference; explicitFileType = wrapper.cfbundle; includeInIndex = 0; path = HelloWorldTests.xctest; sourceTree = BUILT_PRODUCTS_DIR; };
		4808A40C2AC40F85005E1190 /* HelloWorldTests.swift */ = {isa = PBXFileReference; lastKnownFileType = sourcecode.swift; path = HelloWorldTests.swift; sourceTree = "<group>"; };
		4808A4122AC40F85005E1190 /* HelloWorldUITests.xctest */ = {isa = PBXFileReference; explicitFileType = wrapper.cfbundle; includeInIndex = 0; path = HelloWorldUITests.xctest; sourceTree = BUILT_PRODUCTS_DIR; };
		4808A4162AC40F85005E1190 /* HelloWorldUITests.swift */ = {isa = PBXFileReference; lastKnownFileType = sourcecode.swift; path = HelloWorldUITests.swift; sourceTree = "<group>"; };
		4808A4182AC40F85005E1190 /* HelloWorldUITestsLaunchTests.swift */ = {isa = PBXFileReference; lastKnownFileType = sourcecode.swift; path = HelloWorldUITestsLaunchTests.swift; sourceTree = "<group>"; };
		4808A4262AC41162005E1190 /* TabBarController.swift */ = {isa = PBXFileReference; lastKnownFileType = sourcecode.swift; path = TabBarController.swift; sourceTree = "<group>"; };
		4808A42B2AC413CD005E1190 /* MyTravelViewController.swift */ = {isa = PBXFileReference; lastKnownFileType = sourcecode.swift; path = MyTravelViewController.swift; sourceTree = "<group>"; };
		4808A42D2AC41522005E1190 /* BaseViewController.swift */ = {isa = PBXFileReference; lastKnownFileType = sourcecode.swift; path = BaseViewController.swift; sourceTree = "<group>"; };
		4808A42F2AC4152C005E1190 /* BaseView.swift */ = {isa = PBXFileReference; lastKnownFileType = sourcecode.swift; path = BaseView.swift; sourceTree = "<group>"; };
		4808A43A2AC52D15005E1190 /* AddNewAgendaViewController.swift */ = {isa = PBXFileReference; lastKnownFileType = sourcecode.swift; path = AddNewAgendaViewController.swift; sourceTree = "<group>"; };
		4808A43C2AC52F07005E1190 /* Observable.swift */ = {isa = PBXFileReference; lastKnownFileType = sourcecode.swift; path = Observable.swift; sourceTree = "<group>"; };
		4808A43E2AC52F56005E1190 /* AddNewAgendaViewModel.swift */ = {isa = PBXFileReference; lastKnownFileType = sourcecode.swift; path = AddNewAgendaViewModel.swift; sourceTree = "<group>"; };
		48ED6F662AC7AE310068C5E4 /* AddNewAgendaView.swift */ = {isa = PBXFileReference; lastKnownFileType = sourcecode.swift; path = AddNewAgendaView.swift; sourceTree = "<group>"; };
/* End PBXFileReference section */

/* Begin PBXFrameworksBuildPhase section */
		4808A3EF2AC40F84005E1190 /* Frameworks */ = {
			isa = PBXFrameworksBuildPhase;
			buildActionMask = 2147483647;
			files = (
				4808A4392AC43144005E1190 /* SnapKit in Frameworks */,
			);
			runOnlyForDeploymentPostprocessing = 0;
		};
		4808A4052AC40F85005E1190 /* Frameworks */ = {
			isa = PBXFrameworksBuildPhase;
			buildActionMask = 2147483647;
			files = (
			);
			runOnlyForDeploymentPostprocessing = 0;
		};
		4808A40F2AC40F85005E1190 /* Frameworks */ = {
			isa = PBXFrameworksBuildPhase;
			buildActionMask = 2147483647;
			files = (
			);
			runOnlyForDeploymentPostprocessing = 0;
		};
/* End PBXFrameworksBuildPhase section */

/* Begin PBXGroup section */
		4808A3E92AC40F84005E1190 = {
			isa = PBXGroup;
			children = (
				4808A3F42AC40F84005E1190 /* HelloWorld */,
				4808A40B2AC40F85005E1190 /* HelloWorldTests */,
				4808A4152AC40F85005E1190 /* HelloWorldUITests */,
				4808A3F32AC40F84005E1190 /* Products */,
			);
			sourceTree = "<group>";
		};
		4808A3F32AC40F84005E1190 /* Products */ = {
			isa = PBXGroup;
			children = (
				4808A3F22AC40F84005E1190 /* HelloWorld.app */,
				4808A4082AC40F85005E1190 /* HelloWorldTests.xctest */,
				4808A4122AC40F85005E1190 /* HelloWorldUITests.xctest */,
			);
			name = Products;
			sourceTree = "<group>";
		};
		4808A3F42AC40F84005E1190 /* HelloWorld */ = {
			isa = PBXGroup;
			children = (
				4808A4282AC412CC005E1190 /* Agenda */,
				4808A4252AC41153005E1190 /* Base */,
				4808A3F52AC40F84005E1190 /* AppDelegate.swift */,
				4808A3F72AC40F84005E1190 /* SceneDelegate.swift */,
				4808A3F92AC40F84005E1190 /* ViewController.swift */,
				4808A3FB2AC40F84005E1190 /* Main.storyboard */,
				4808A3FE2AC40F85005E1190 /* Assets.xcassets */,
				4808A4002AC40F85005E1190 /* LaunchScreen.storyboard */,
				4808A4032AC40F85005E1190 /* Info.plist */,
			);
			path = HelloWorld;
			sourceTree = "<group>";
		};
		4808A40B2AC40F85005E1190 /* HelloWorldTests */ = {
			isa = PBXGroup;
			children = (
				4808A40C2AC40F85005E1190 /* HelloWorldTests.swift */,
			);
			path = HelloWorldTests;
			sourceTree = "<group>";
		};
		4808A4152AC40F85005E1190 /* HelloWorldUITests */ = {
			isa = PBXGroup;
			children = (
				4808A4162AC40F85005E1190 /* HelloWorldUITests.swift */,
				4808A4182AC40F85005E1190 /* HelloWorldUITestsLaunchTests.swift */,
			);
			path = HelloWorldUITests;
			sourceTree = "<group>";
		};
		4808A4252AC41153005E1190 /* Base */ = {
			isa = PBXGroup;
			children = (
				4808A4262AC41162005E1190 /* TabBarController.swift */,
				4808A42D2AC41522005E1190 /* BaseViewController.swift */,
				4808A42F2AC4152C005E1190 /* BaseView.swift */,
				4808A43C2AC52F07005E1190 /* Observable.swift */,
			);
			path = Base;
			sourceTree = "<group>";
		};
		4808A4282AC412CC005E1190 /* Agenda */ = {
			isa = PBXGroup;
			children = (
				4808A42B2AC413CD005E1190 /* MyTravelViewController.swift */,
				4808A43A2AC52D15005E1190 /* AddNewAgendaViewController.swift */,
				4808A43E2AC52F56005E1190 /* AddNewAgendaViewModel.swift */,
				48ED6F662AC7AE310068C5E4 /* AddNewAgendaView.swift */,
			);
			path = Agenda;
			sourceTree = "<group>";
		};
/* End PBXGroup section */

/* Begin PBXNativeTarget section */
		4808A3F12AC40F84005E1190 /* HelloWorld */ = {
			isa = PBXNativeTarget;
			buildConfigurationList = 4808A41C2AC40F85005E1190 /* Build configuration list for PBXNativeTarget "HelloWorld" */;
			buildPhases = (
				4808A3EE2AC40F84005E1190 /* Sources */,
				4808A3EF2AC40F84005E1190 /* Frameworks */,
				4808A3F02AC40F84005E1190 /* Resources */,
			);
			buildRules = (
			);
			dependencies = (
			);
			name = HelloWorld;
			packageProductDependencies = (
				4808A4382AC43144005E1190 /* SnapKit */,
			);
			productName = HelloWorld;
			productReference = 4808A3F22AC40F84005E1190 /* HelloWorld.app */;
			productType = "com.apple.product-type.application";
		};
		4808A4072AC40F85005E1190 /* HelloWorldTests */ = {
			isa = PBXNativeTarget;
			buildConfigurationList = 4808A41F2AC40F85005E1190 /* Build configuration list for PBXNativeTarget "HelloWorldTests" */;
			buildPhases = (
				4808A4042AC40F85005E1190 /* Sources */,
				4808A4052AC40F85005E1190 /* Frameworks */,
				4808A4062AC40F85005E1190 /* Resources */,
			);
			buildRules = (
			);
			dependencies = (
				4808A40A2AC40F85005E1190 /* PBXTargetDependency */,
			);
			name = HelloWorldTests;
			productName = HelloWorldTests;
			productReference = 4808A4082AC40F85005E1190 /* HelloWorldTests.xctest */;
			productType = "com.apple.product-type.bundle.unit-test";
		};
		4808A4112AC40F85005E1190 /* HelloWorldUITests */ = {
			isa = PBXNativeTarget;
			buildConfigurationList = 4808A4222AC40F85005E1190 /* Build configuration list for PBXNativeTarget "HelloWorldUITests" */;
			buildPhases = (
				4808A40E2AC40F85005E1190 /* Sources */,
				4808A40F2AC40F85005E1190 /* Frameworks */,
				4808A4102AC40F85005E1190 /* Resources */,
			);
			buildRules = (
			);
			dependencies = (
				4808A4142AC40F85005E1190 /* PBXTargetDependency */,
			);
			name = HelloWorldUITests;
			productName = HelloWorldUITests;
			productReference = 4808A4122AC40F85005E1190 /* HelloWorldUITests.xctest */;
			productType = "com.apple.product-type.bundle.ui-testing";
		};
/* End PBXNativeTarget section */

/* Begin PBXProject section */
		4808A3EA2AC40F84005E1190 /* Project object */ = {
			isa = PBXProject;
			attributes = {
				BuildIndependentTargetsInParallel = 1;
				LastSwiftUpdateCheck = 1500;
				LastUpgradeCheck = 1500;
				TargetAttributes = {
					4808A3F12AC40F84005E1190 = {
						CreatedOnToolsVersion = 15.0;
					};
					4808A4072AC40F85005E1190 = {
						CreatedOnToolsVersion = 15.0;
						TestTargetID = 4808A3F12AC40F84005E1190;
					};
					4808A4112AC40F85005E1190 = {
						CreatedOnToolsVersion = 15.0;
						TestTargetID = 4808A3F12AC40F84005E1190;
					};
				};
			};
			buildConfigurationList = 4808A3ED2AC40F84005E1190 /* Build configuration list for PBXProject "HelloWorld" */;
			compatibilityVersion = "Xcode 14.0";
			developmentRegion = en;
			hasScannedForEncodings = 0;
			knownRegions = (
				en,
				Base,
			);
			mainGroup = 4808A3E92AC40F84005E1190;
			packageReferences = (
				4808A4312AC4156A005E1190 /* XCRemoteSwiftPackageReference "SnapKit" */,
			);
			productRefGroup = 4808A3F32AC40F84005E1190 /* Products */;
			projectDirPath = "";
			projectRoot = "";
			targets = (
				4808A3F12AC40F84005E1190 /* HelloWorld */,
				4808A4072AC40F85005E1190 /* HelloWorldTests */,
				4808A4112AC40F85005E1190 /* HelloWorldUITests */,
			);
		};
/* End PBXProject section */

/* Begin PBXResourcesBuildPhase section */
		4808A3F02AC40F84005E1190 /* Resources */ = {
			isa = PBXResourcesBuildPhase;
			buildActionMask = 2147483647;
			files = (
				4808A4022AC40F85005E1190 /* LaunchScreen.storyboard in Resources */,
				4808A3FF2AC40F85005E1190 /* Assets.xcassets in Resources */,
				4808A3FD2AC40F84005E1190 /* Main.storyboard in Resources */,
			);
			runOnlyForDeploymentPostprocessing = 0;
		};
		4808A4062AC40F85005E1190 /* Resources */ = {
			isa = PBXResourcesBuildPhase;
			buildActionMask = 2147483647;
			files = (
			);
			runOnlyForDeploymentPostprocessing = 0;
		};
		4808A4102AC40F85005E1190 /* Resources */ = {
			isa = PBXResourcesBuildPhase;
			buildActionMask = 2147483647;
			files = (
			);
			runOnlyForDeploymentPostprocessing = 0;
		};
/* End PBXResourcesBuildPhase section */

/* Begin PBXSourcesBuildPhase section */
		4808A3EE2AC40F84005E1190 /* Sources */ = {
			isa = PBXSourcesBuildPhase;
			buildActionMask = 2147483647;
			files = (
				48ED6F672AC7AE310068C5E4 /* AddNewAgendaView.swift in Sources */,
				4808A3FA2AC40F84005E1190 /* ViewController.swift in Sources */,
				4808A4272AC41162005E1190 /* TabBarController.swift in Sources */,
				4808A3F62AC40F84005E1190 /* AppDelegate.swift in Sources */,
				4808A43F2AC52F56005E1190 /* AddNewAgendaViewModel.swift in Sources */,
				4808A3F82AC40F84005E1190 /* SceneDelegate.swift in Sources */,
				4808A4302AC4152C005E1190 /* BaseView.swift in Sources */,
				4808A43D2AC52F07005E1190 /* Observable.swift in Sources */,
				4808A43B2AC52D16005E1190 /* AddNewAgendaViewController.swift in Sources */,
				4808A42C2AC413CD005E1190 /* MyTravelViewController.swift in Sources */,
				4808A42E2AC41522005E1190 /* BaseViewController.swift in Sources */,
			);
			runOnlyForDeploymentPostprocessing = 0;
		};
		4808A4042AC40F85005E1190 /* Sources */ = {
			isa = PBXSourcesBuildPhase;
			buildActionMask = 2147483647;
			files = (
				4808A40D2AC40F85005E1190 /* HelloWorldTests.swift in Sources */,
			);
			runOnlyForDeploymentPostprocessing = 0;
		};
		4808A40E2AC40F85005E1190 /* Sources */ = {
			isa = PBXSourcesBuildPhase;
			buildActionMask = 2147483647;
			files = (
				4808A4192AC40F85005E1190 /* HelloWorldUITestsLaunchTests.swift in Sources */,
				4808A4172AC40F85005E1190 /* HelloWorldUITests.swift in Sources */,
			);
			runOnlyForDeploymentPostprocessing = 0;
		};
/* End PBXSourcesBuildPhase section */

/* Begin PBXTargetDependency section */
		4808A40A2AC40F85005E1190 /* PBXTargetDependency */ = {
			isa = PBXTargetDependency;
			target = 4808A3F12AC40F84005E1190 /* HelloWorld */;
			targetProxy = 4808A4092AC40F85005E1190 /* PBXContainerItemProxy */;
		};
		4808A4142AC40F85005E1190 /* PBXTargetDependency */ = {
			isa = PBXTargetDependency;
			target = 4808A3F12AC40F84005E1190 /* HelloWorld */;
			targetProxy = 4808A4132AC40F85005E1190 /* PBXContainerItemProxy */;
		};
/* End PBXTargetDependency section */

/* Begin PBXVariantGroup section */
		4808A3FB2AC40F84005E1190 /* Main.storyboard */ = {
			isa = PBXVariantGroup;
			children = (
				4808A3FC2AC40F84005E1190 /* Base */,
			);
			name = Main.storyboard;
			sourceTree = "<group>";
		};
		4808A4002AC40F85005E1190 /* LaunchScreen.storyboard */ = {
			isa = PBXVariantGroup;
			children = (
				4808A4012AC40F85005E1190 /* Base */,
			);
			name = LaunchScreen.storyboard;
			sourceTree = "<group>";
		};
/* End PBXVariantGroup section */

/* Begin XCBuildConfiguration section */
		4808A41A2AC40F85005E1190 /* Debug */ = {
			isa = XCBuildConfiguration;
			buildSettings = {
				ALWAYS_SEARCH_USER_PATHS = NO;
				ASSETCATALOG_COMPILER_GENERATE_SWIFT_ASSET_SYMBOL_EXTENSIONS = YES;
				CLANG_ANALYZER_NONNULL = YES;
				CLANG_ANALYZER_NUMBER_OBJECT_CONVERSION = YES_AGGRESSIVE;
				CLANG_CXX_LANGUAGE_STANDARD = "gnu++20";
				CLANG_ENABLE_MODULES = YES;
				CLANG_ENABLE_OBJC_ARC = YES;
				CLANG_ENABLE_OBJC_WEAK = YES;
				CLANG_WARN_BLOCK_CAPTURE_AUTORELEASING = YES;
				CLANG_WARN_BOOL_CONVERSION = YES;
				CLANG_WARN_COMMA = YES;
				CLANG_WARN_CONSTANT_CONVERSION = YES;
				CLANG_WARN_DEPRECATED_OBJC_IMPLEMENTATIONS = YES;
				CLANG_WARN_DIRECT_OBJC_ISA_USAGE = YES_ERROR;
				CLANG_WARN_DOCUMENTATION_COMMENTS = YES;
				CLANG_WARN_EMPTY_BODY = YES;
				CLANG_WARN_ENUM_CONVERSION = YES;
				CLANG_WARN_INFINITE_RECURSION = YES;
				CLANG_WARN_INT_CONVERSION = YES;
				CLANG_WARN_NON_LITERAL_NULL_CONVERSION = YES;
				CLANG_WARN_OBJC_IMPLICIT_RETAIN_SELF = YES;
				CLANG_WARN_OBJC_LITERAL_CONVERSION = YES;
				CLANG_WARN_OBJC_ROOT_CLASS = YES_ERROR;
				CLANG_WARN_QUOTED_INCLUDE_IN_FRAMEWORK_HEADER = YES;
				CLANG_WARN_RANGE_LOOP_ANALYSIS = YES;
				CLANG_WARN_STRICT_PROTOTYPES = YES;
				CLANG_WARN_SUSPICIOUS_MOVE = YES;
				CLANG_WARN_UNGUARDED_AVAILABILITY = YES_AGGRESSIVE;
				CLANG_WARN_UNREACHABLE_CODE = YES;
				CLANG_WARN__DUPLICATE_METHOD_MATCH = YES;
				COPY_PHASE_STRIP = NO;
				DEBUG_INFORMATION_FORMAT = dwarf;
				ENABLE_STRICT_OBJC_MSGSEND = YES;
				ENABLE_TESTABILITY = YES;
				ENABLE_USER_SCRIPT_SANDBOXING = YES;
				GCC_C_LANGUAGE_STANDARD = gnu17;
				GCC_DYNAMIC_NO_PIC = NO;
				GCC_NO_COMMON_BLOCKS = YES;
				GCC_OPTIMIZATION_LEVEL = 0;
				GCC_PREPROCESSOR_DEFINITIONS = (
					"DEBUG=1",
					"$(inherited)",
				);
				GCC_WARN_64_TO_32_BIT_CONVERSION = YES;
				GCC_WARN_ABOUT_RETURN_TYPE = YES_ERROR;
				GCC_WARN_UNDECLARED_SELECTOR = YES;
				GCC_WARN_UNINITIALIZED_AUTOS = YES_AGGRESSIVE;
				GCC_WARN_UNUSED_FUNCTION = YES;
				GCC_WARN_UNUSED_VARIABLE = YES;
				IPHONEOS_DEPLOYMENT_TARGET = 17.0;
				LOCALIZATION_PREFERS_STRING_CATALOGS = YES;
				MTL_ENABLE_DEBUG_INFO = INCLUDE_SOURCE;
				MTL_FAST_MATH = YES;
				ONLY_ACTIVE_ARCH = YES;
				SDKROOT = iphoneos;
				SWIFT_ACTIVE_COMPILATION_CONDITIONS = "DEBUG $(inherited)";
				SWIFT_OPTIMIZATION_LEVEL = "-Onone";
			};
			name = Debug;
		};
		4808A41B2AC40F85005E1190 /* Release */ = {
			isa = XCBuildConfiguration;
			buildSettings = {
				ALWAYS_SEARCH_USER_PATHS = NO;
				ASSETCATALOG_COMPILER_GENERATE_SWIFT_ASSET_SYMBOL_EXTENSIONS = YES;
				CLANG_ANALYZER_NONNULL = YES;
				CLANG_ANALYZER_NUMBER_OBJECT_CONVERSION = YES_AGGRESSIVE;
				CLANG_CXX_LANGUAGE_STANDARD = "gnu++20";
				CLANG_ENABLE_MODULES = YES;
				CLANG_ENABLE_OBJC_ARC = YES;
				CLANG_ENABLE_OBJC_WEAK = YES;
				CLANG_WARN_BLOCK_CAPTURE_AUTORELEASING = YES;
				CLANG_WARN_BOOL_CONVERSION = YES;
				CLANG_WARN_COMMA = YES;
				CLANG_WARN_CONSTANT_CONVERSION = YES;
				CLANG_WARN_DEPRECATED_OBJC_IMPLEMENTATIONS = YES;
				CLANG_WARN_DIRECT_OBJC_ISA_USAGE = YES_ERROR;
				CLANG_WARN_DOCUMENTATION_COMMENTS = YES;
				CLANG_WARN_EMPTY_BODY = YES;
				CLANG_WARN_ENUM_CONVERSION = YES;
				CLANG_WARN_INFINITE_RECURSION = YES;
				CLANG_WARN_INT_CONVERSION = YES;
				CLANG_WARN_NON_LITERAL_NULL_CONVERSION = YES;
				CLANG_WARN_OBJC_IMPLICIT_RETAIN_SELF = YES;
				CLANG_WARN_OBJC_LITERAL_CONVERSION = YES;
				CLANG_WARN_OBJC_ROOT_CLASS = YES_ERROR;
				CLANG_WARN_QUOTED_INCLUDE_IN_FRAMEWORK_HEADER = YES;
				CLANG_WARN_RANGE_LOOP_ANALYSIS = YES;
				CLANG_WARN_STRICT_PROTOTYPES = YES;
				CLANG_WARN_SUSPICIOUS_MOVE = YES;
				CLANG_WARN_UNGUARDED_AVAILABILITY = YES_AGGRESSIVE;
				CLANG_WARN_UNREACHABLE_CODE = YES;
				CLANG_WARN__DUPLICATE_METHOD_MATCH = YES;
				COPY_PHASE_STRIP = NO;
				DEBUG_INFORMATION_FORMAT = "dwarf-with-dsym";
				ENABLE_NS_ASSERTIONS = NO;
				ENABLE_STRICT_OBJC_MSGSEND = YES;
				ENABLE_USER_SCRIPT_SANDBOXING = YES;
				GCC_C_LANGUAGE_STANDARD = gnu17;
				GCC_NO_COMMON_BLOCKS = YES;
				GCC_WARN_64_TO_32_BIT_CONVERSION = YES;
				GCC_WARN_ABOUT_RETURN_TYPE = YES_ERROR;
				GCC_WARN_UNDECLARED_SELECTOR = YES;
				GCC_WARN_UNINITIALIZED_AUTOS = YES_AGGRESSIVE;
				GCC_WARN_UNUSED_FUNCTION = YES;
				GCC_WARN_UNUSED_VARIABLE = YES;
				IPHONEOS_DEPLOYMENT_TARGET = 17.0;
				LOCALIZATION_PREFERS_STRING_CATALOGS = YES;
				MTL_ENABLE_DEBUG_INFO = NO;
				MTL_FAST_MATH = YES;
				SDKROOT = iphoneos;
				SWIFT_COMPILATION_MODE = wholemodule;
				VALIDATE_PRODUCT = YES;
			};
			name = Release;
		};
		4808A41D2AC40F85005E1190 /* Debug */ = {
			isa = XCBuildConfiguration;
			buildSettings = {
				ASSETCATALOG_COMPILER_APPICON_NAME = AppIcon;
				ASSETCATALOG_COMPILER_GLOBAL_ACCENT_COLOR_NAME = AccentColor;
				CODE_SIGN_STYLE = Automatic;
				CURRENT_PROJECT_VERSION = 1;
				DEVELOPMENT_TEAM = A8NKCBCXX2;
				GENERATE_INFOPLIST_FILE = YES;
				INFOPLIST_FILE = HelloWorld/Info.plist;
				INFOPLIST_KEY_UIApplicationSupportsIndirectInputEvents = YES;
				INFOPLIST_KEY_UILaunchStoryboardName = LaunchScreen;
				INFOPLIST_KEY_UIMainStoryboardFile = Main;
				INFOPLIST_KEY_UISupportedInterfaceOrientations_iPad = "UIInterfaceOrientationPortrait UIInterfaceOrientationPortraitUpsideDown UIInterfaceOrientationLandscapeLeft UIInterfaceOrientationLandscapeRight";
				INFOPLIST_KEY_UISupportedInterfaceOrientations_iPhone = "UIInterfaceOrientationPortrait UIInterfaceOrientationLandscapeLeft UIInterfaceOrientationLandscapeRight";
				LD_RUNPATH_SEARCH_PATHS = (
					"$(inherited)",
					"@executable_path/Frameworks",
				);
				MARKETING_VERSION = 1.0;
				PRODUCT_BUNDLE_IDENTIFIER = com.marpark.HelloWorld;
				PRODUCT_NAME = "$(TARGET_NAME)";
				SWIFT_EMIT_LOC_STRINGS = YES;
				SWIFT_VERSION = 5.0;
				TARGETED_DEVICE_FAMILY = "1,2";
			};
			name = Debug;
		};
		4808A41E2AC40F85005E1190 /* Release */ = {
			isa = XCBuildConfiguration;
			buildSettings = {
				ASSETCATALOG_COMPILER_APPICON_NAME = AppIcon;
				ASSETCATALOG_COMPILER_GLOBAL_ACCENT_COLOR_NAME = AccentColor;
				CODE_SIGN_STYLE = Automatic;
				CURRENT_PROJECT_VERSION = 1;
				DEVELOPMENT_TEAM = A8NKCBCXX2;
				GENERATE_INFOPLIST_FILE = YES;
				INFOPLIST_FILE = HelloWorld/Info.plist;
				INFOPLIST_KEY_UIApplicationSupportsIndirectInputEvents = YES;
				INFOPLIST_KEY_UILaunchStoryboardName = LaunchScreen;
				INFOPLIST_KEY_UIMainStoryboardFile = Main;
				INFOPLIST_KEY_UISupportedInterfaceOrientations_iPad = "UIInterfaceOrientationPortrait UIInterfaceOrientationPortraitUpsideDown UIInterfaceOrientationLandscapeLeft UIInterfaceOrientationLandscapeRight";
				INFOPLIST_KEY_UISupportedInterfaceOrientations_iPhone = "UIInterfaceOrientationPortrait UIInterfaceOrientationLandscapeLeft UIInterfaceOrientationLandscapeRight";
				LD_RUNPATH_SEARCH_PATHS = (
					"$(inherited)",
					"@executable_path/Frameworks",
				);
				MARKETING_VERSION = 1.0;
				PRODUCT_BUNDLE_IDENTIFIER = com.marpark.HelloWorld;
				PRODUCT_NAME = "$(TARGET_NAME)";
				SWIFT_EMIT_LOC_STRINGS = YES;
				SWIFT_VERSION = 5.0;
				TARGETED_DEVICE_FAMILY = "1,2";
			};
			name = Release;
		};
		4808A4202AC40F85005E1190 /* Debug */ = {
			isa = XCBuildConfiguration;
			buildSettings = {
				ALWAYS_EMBED_SWIFT_STANDARD_LIBRARIES = YES;
				BUNDLE_LOADER = "$(TEST_HOST)";
				CODE_SIGN_STYLE = Automatic;
				CURRENT_PROJECT_VERSION = 1;
				DEVELOPMENT_TEAM = A8NKCBCXX2;
				GENERATE_INFOPLIST_FILE = YES;
				IPHONEOS_DEPLOYMENT_TARGET = 17.0;
				MARKETING_VERSION = 1.0;
				PRODUCT_BUNDLE_IDENTIFIER = com.marpark.HelloWorldTests;
				PRODUCT_NAME = "$(TARGET_NAME)";
				SWIFT_EMIT_LOC_STRINGS = NO;
				SWIFT_VERSION = 5.0;
				TARGETED_DEVICE_FAMILY = "1,2";
				TEST_HOST = "$(BUILT_PRODUCTS_DIR)/HelloWorld.app/$(BUNDLE_EXECUTABLE_FOLDER_PATH)/HelloWorld";
			};
			name = Debug;
		};
		4808A4212AC40F85005E1190 /* Release */ = {
			isa = XCBuildConfiguration;
			buildSettings = {
				ALWAYS_EMBED_SWIFT_STANDARD_LIBRARIES = YES;
				BUNDLE_LOADER = "$(TEST_HOST)";
				CODE_SIGN_STYLE = Automatic;
				CURRENT_PROJECT_VERSION = 1;
				DEVELOPMENT_TEAM = A8NKCBCXX2;
				GENERATE_INFOPLIST_FILE = YES;
				IPHONEOS_DEPLOYMENT_TARGET = 17.0;
				MARKETING_VERSION = 1.0;
				PRODUCT_BUNDLE_IDENTIFIER = com.marpark.HelloWorldTests;
				PRODUCT_NAME = "$(TARGET_NAME)";
				SWIFT_EMIT_LOC_STRINGS = NO;
				SWIFT_VERSION = 5.0;
				TARGETED_DEVICE_FAMILY = "1,2";
				TEST_HOST = "$(BUILT_PRODUCTS_DIR)/HelloWorld.app/$(BUNDLE_EXECUTABLE_FOLDER_PATH)/HelloWorld";
			};
			name = Release;
		};
		4808A4232AC40F85005E1190 /* Debug */ = {
			isa = XCBuildConfiguration;
			buildSettings = {
				ALWAYS_EMBED_SWIFT_STANDARD_LIBRARIES = YES;
				CODE_SIGN_STYLE = Automatic;
				CURRENT_PROJECT_VERSION = 1;
				DEVELOPMENT_TEAM = A8NKCBCXX2;
				GENERATE_INFOPLIST_FILE = YES;
				MARKETING_VERSION = 1.0;
				PRODUCT_BUNDLE_IDENTIFIER = com.marpark.HelloWorldUITests;
				PRODUCT_NAME = "$(TARGET_NAME)";
				SWIFT_EMIT_LOC_STRINGS = NO;
				SWIFT_VERSION = 5.0;
				TARGETED_DEVICE_FAMILY = "1,2";
				TEST_TARGET_NAME = HelloWorld;
			};
			name = Debug;
		};
		4808A4242AC40F85005E1190 /* Release */ = {
			isa = XCBuildConfiguration;
			buildSettings = {
				ALWAYS_EMBED_SWIFT_STANDARD_LIBRARIES = YES;
				CODE_SIGN_STYLE = Automatic;
				CURRENT_PROJECT_VERSION = 1;
				DEVELOPMENT_TEAM = A8NKCBCXX2;
				GENERATE_INFOPLIST_FILE = YES;
				MARKETING_VERSION = 1.0;
				PRODUCT_BUNDLE_IDENTIFIER = com.marpark.HelloWorldUITests;
				PRODUCT_NAME = "$(TARGET_NAME)";
				SWIFT_EMIT_LOC_STRINGS = NO;
				SWIFT_VERSION = 5.0;
				TARGETED_DEVICE_FAMILY = "1,2";
				TEST_TARGET_NAME = HelloWorld;
			};
			name = Release;
		};
/* End XCBuildConfiguration section */

/* Begin XCConfigurationList section */
		4808A3ED2AC40F84005E1190 /* Build configuration list for PBXProject "HelloWorld" */ = {
			isa = XCConfigurationList;
			buildConfigurations = (
				4808A41A2AC40F85005E1190 /* Debug */,
				4808A41B2AC40F85005E1190 /* Release */,
			);
			defaultConfigurationIsVisible = 0;
			defaultConfigurationName = Release;
		};
		4808A41C2AC40F85005E1190 /* Build configuration list for PBXNativeTarget "HelloWorld" */ = {
			isa = XCConfigurationList;
			buildConfigurations = (
				4808A41D2AC40F85005E1190 /* Debug */,
				4808A41E2AC40F85005E1190 /* Release */,
			);
			defaultConfigurationIsVisible = 0;
			defaultConfigurationName = Release;
		};
		4808A41F2AC40F85005E1190 /* Build configuration list for PBXNativeTarget "HelloWorldTests" */ = {
			isa = XCConfigurationList;
			buildConfigurations = (
				4808A4202AC40F85005E1190 /* Debug */,
				4808A4212AC40F85005E1190 /* Release */,
			);
			defaultConfigurationIsVisible = 0;
			defaultConfigurationName = Release;
		};
		4808A4222AC40F85005E1190 /* Build configuration list for PBXNativeTarget "HelloWorldUITests" */ = {
			isa = XCConfigurationList;
			buildConfigurations = (
				4808A4232AC40F85005E1190 /* Debug */,
				4808A4242AC40F85005E1190 /* Release */,
			);
			defaultConfigurationIsVisible = 0;
			defaultConfigurationName = Release;
		};
/* End XCConfigurationList section */

/* Begin XCRemoteSwiftPackageReference section */
		4808A4312AC4156A005E1190 /* XCRemoteSwiftPackageReference "SnapKit" */ = {
			isa = XCRemoteSwiftPackageReference;
			repositoryURL = "https://github.com/SnapKit/SnapKit.git";
			requirement = {
				kind = upToNextMajorVersion;
				minimumVersion = 5.6.0;
			};
		};
/* End XCRemoteSwiftPackageReference section */

/* Begin XCSwiftPackageProductDependency section */
		4808A4382AC43144005E1190 /* SnapKit */ = {
			isa = XCSwiftPackageProductDependency;
			package = 4808A4312AC4156A005E1190 /* XCRemoteSwiftPackageReference "SnapKit" */;
			productName = SnapKit;
		};
/* End XCSwiftPackageProductDependency section */
	};
	rootObject = 4808A3EA2AC40F84005E1190 /* Project object */;
}
